
Microsoft Visual Studio Solution File, Format Version 12.00
# Visual Studio Version 17
VisualStudioVersion = 17.6.33723.286
MinimumVisualStudioVersion = 10.0.40219.1
Project("{2150E333-8FDC-42A3-9474-1A3956D46DE8}") = "solution items", "solution items", "{3ADE1BD1-6339-4190-964D-698ED062067E}"
	ProjectSection(SolutionItems) = preProject
		.gitignore = .gitignore
		LICENSE = LICENSE
		.github\mainwindow.png = .github\mainwindow.png
		README.md = README.md
	EndProjectSection
EndProject
Project("{9A19103F-16F7-4668-BE54-9A1E7A4F7556}") = "Jackage", "src\Jackage\Jackage.csproj", "{69A30CEA-E488-4083-9329-E1B1C2C7F80F}"
EndProject
Project("{9A19103F-16F7-4668-BE54-9A1E7A4F7556}") = "Jackage.Core", "src\Jackage.Core\Jackage.Core.csproj", "{DC773944-1523-4255-BF40-DE00B78B8F88}"
EndProject
Project("{9A19103F-16F7-4668-BE54-9A1E7A4F7556}") = "Jackbox", "src\Jackbox\Jackbox.csproj", "{1C80FBF5-9686-4BEF-930C-DF9B7AD23578}"
EndProject
Global
	GlobalSection(SolutionConfigurationPlatforms) = preSolution
		Debug|Any CPU = Debug|Any CPU
		Release|Any CPU = Release|Any CPU
	EndGlobalSection
	GlobalSection(ProjectConfigurationPlatforms) = postSolution
		{69A30CEA-E488-4083-9329-E1B1C2C7F80F}.Debug|Any CPU.ActiveCfg = Debug|Any CPU
		{69A30CEA-E488-4083-9329-E1B1C2C7F80F}.Debug|Any CPU.Build.0 = Debug|Any CPU
		{69A30CEA-E488-4083-9329-E1B1C2C7F80F}.Release|Any CPU.ActiveCfg = Release|Any CPU
		{69A30CEA-E488-4083-9329-E1B1C2C7F80F}.Release|Any CPU.Build.0 = Release|Any CPU
		{DC773944-1523-4255-BF40-DE00B78B8F88}.Debug|Any CPU.ActiveCfg = Debug|Any CPU
		{DC773944-1523-4255-BF40-DE00B78B8F88}.Debug|Any CPU.Build.0 = Debug|Any CPU
		{DC773944-1523-4255-BF40-DE00B78B8F88}.Release|Any CPU.ActiveCfg = Release|Any CPU
		{DC773944-1523-4255-BF40-DE00B78B8F88}.Release|Any CPU.Build.0 = Release|Any CPU
		{1C80FBF5-9686-4BEF-930C-DF9B7AD23578}.Debug|Any CPU.ActiveCfg = Debug|Any CPU
		{1C80FBF5-9686-4BEF-930C-DF9B7AD23578}.Debug|Any CPU.Build.0 = Debug|Any CPU
		{1C80FBF5-9686-4BEF-930C-DF9B7AD23578}.Release|Any CPU.ActiveCfg = Release|Any CPU
		{1C80FBF5-9686-4BEF-930C-DF9B7AD23578}.Release|Any CPU.Build.0 = Release|Any CPU
	EndGlobalSection
	GlobalSection(SolutionProperties) = preSolution
		HideSolutionNode = FALSE
	EndGlobalSection
	GlobalSection(ExtensibilityGlobals) = postSolution
		SolutionGuid = {8C36FD73-28E5-4246-A1AE-9C6C889CD1A2}
	EndGlobalSection
EndGlobal
